
Microsoft Visual Studio Solution File, Format Version 12.00
# Visual Studio Version 17
VisualStudioVersion = 17.6.33712.159
MinimumVisualStudioVersion = 10.0.40219.1
Project("{FAE04EC0-301F-11D3-BF4B-00C04F79EFBC}") = "WebNews.API", "WebNews.API\WebNews.API.csproj", "{17461BC8-A9B9-49FB-9B23-139B331FAC15}"
EndProject
Project("{FAE04EC0-301F-11D3-BF4B-00C04F79EFBC}") = "WebNews.Domain", "WebNews.Domain\WebNews.Domain.csproj", "{05149A7F-C97C-4D6A-97FC-4326924AF8B4}"
EndProject
Project("{FAE04EC0-301F-11D3-BF4B-00C04F79EFBC}") = "WebNews.Infrastructure", "WebNews.Infrastructure\WebNews.Infrastructure.csproj", "{EE520196-8126-4732-B872-6AAAE4C6C5C2}"
EndProject
Project("{FAE04EC0-301F-11D3-BF4B-00C04F79EFBC}") = "WebNews.Service", "WebNews.Service\WebNews.Service.csproj", "{818BBE44-544F-48E6-9E96-B295B59A8326}"
EndProject
Project("{2150E333-8FDC-42A3-9474-1A3956D46DE8}") = "src", "src", "{BDC1DC57-5378-41AB-9FFB-3DDD21C7F3F2}"
EndProject
Project("{2150E333-8FDC-42A3-9474-1A3956D46DE8}") = "test", "test", "{296B5E6D-FB5E-41AD-A1FE-E93BBABE0D86}"
EndProject
Project("{FAE04EC0-301F-11D3-BF4B-00C04F79EFBC}") = "WebNews.Application", "WebNews.Application\WebNews.Application.csproj", "{0E0C5E31-F469-4A45-8851-E3203562BD38}"
EndProject
Project("{2150E333-8FDC-42A3-9474-1A3956D46DE8}") = "API", "API", "{F8E79433-6F72-44AB-B0D8-2C373EFDADCC}"
EndProject
Project("{2150E333-8FDC-42A3-9474-1A3956D46DE8}") = "Application", "Application", "{BCCA7D7C-8476-46DE-9B85-03E2E3382186}"
EndProject
Project("{2150E333-8FDC-42A3-9474-1A3956D46DE8}") = "Domain", "Domain", "{A706F251-FB52-49B8-8C84-D10FCB327093}"
EndProject
Project("{2150E333-8FDC-42A3-9474-1A3956D46DE8}") = "Infra", "Infra", "{3EA8BD58-69ED-449E-8243-513C01DCA3DA}"
EndProject
Project("{2150E333-8FDC-42A3-9474-1A3956D46DE8}") = "Services", "Services", "{90FA43D0-4CEB-4D2F-9C74-309A610FF09B}"
EndProject
Project("{2150E333-8FDC-42A3-9474-1A3956D46DE8}") = "Data", "Data", "{680160C5-F31F-4994-B44A-C0B4385FF3A2}"
EndProject
Project("{2150E333-8FDC-42A3-9474-1A3956D46DE8}") = "CrossCutting", "CrossCutting", "{F7110AC1-903F-480A-AEF9-16DE2A2726A3}"
EndProject
Project("{FAE04EC0-301F-11D3-BF4B-00C04F79EFBC}") = "WebNews.IoC", "WebNews.IoC\WebNews.IoC.csproj", "{1ED9ED79-82F2-42FE-96A1-CD8032E05B4F}"
EndProject
Global
	GlobalSection(SolutionConfigurationPlatforms) = preSolution
		Debug|Any CPU = Debug|Any CPU
		Release|Any CPU = Release|Any CPU
	EndGlobalSection
	GlobalSection(ProjectConfigurationPlatforms) = postSolution
		{17461BC8-A9B9-49FB-9B23-139B331FAC15}.Debug|Any CPU.ActiveCfg = Debug|Any CPU
		{17461BC8-A9B9-49FB-9B23-139B331FAC15}.Debug|Any CPU.Build.0 = Debug|Any CPU
		{17461BC8-A9B9-49FB-9B23-139B331FAC15}.Release|Any CPU.ActiveCfg = Release|Any CPU
		{17461BC8-A9B9-49FB-9B23-139B331FAC15}.Release|Any CPU.Build.0 = Release|Any CPU
		{05149A7F-C97C-4D6A-97FC-4326924AF8B4}.Debug|Any CPU.ActiveCfg = Debug|Any CPU
		{05149A7F-C97C-4D6A-97FC-4326924AF8B4}.Debug|Any CPU.Build.0 = Debug|Any CPU
		{05149A7F-C97C-4D6A-97FC-4326924AF8B4}.Release|Any CPU.ActiveCfg = Release|Any CPU
		{05149A7F-C97C-4D6A-97FC-4326924AF8B4}.Release|Any CPU.Build.0 = Release|Any CPU
		{EE520196-8126-4732-B872-6AAAE4C6C5C2}.Debug|Any CPU.ActiveCfg = Debug|Any CPU
		{EE520196-8126-4732-B872-6AAAE4C6C5C2}.Debug|Any CPU.Build.0 = Debug|Any CPU
		{EE520196-8126-4732-B872-6AAAE4C6C5C2}.Release|Any CPU.ActiveCfg = Release|Any CPU
		{EE520196-8126-4732-B872-6AAAE4C6C5C2}.Release|Any CPU.Build.0 = Release|Any CPU
		{818BBE44-544F-48E6-9E96-B295B59A8326}.Debug|Any CPU.ActiveCfg = Debug|Any CPU
		{818BBE44-544F-48E6-9E96-B295B59A8326}.Debug|Any CPU.Build.0 = Debug|Any CPU
		{818BBE44-544F-48E6-9E96-B295B59A8326}.Release|Any CPU.ActiveCfg = Release|Any CPU
		{818BBE44-544F-48E6-9E96-B295B59A8326}.Release|Any CPU.Build.0 = Release|Any CPU
		{0E0C5E31-F469-4A45-8851-E3203562BD38}.Debug|Any CPU.ActiveCfg = Debug|Any CPU
		{0E0C5E31-F469-4A45-8851-E3203562BD38}.Debug|Any CPU.Build.0 = Debug|Any CPU
		{0E0C5E31-F469-4A45-8851-E3203562BD38}.Release|Any CPU.ActiveCfg = Release|Any CPU
		{0E0C5E31-F469-4A45-8851-E3203562BD38}.Release|Any CPU.Build.0 = Release|Any CPU
		{1ED9ED79-82F2-42FE-96A1-CD8032E05B4F}.Debug|Any CPU.ActiveCfg = Debug|Any CPU
		{1ED9ED79-82F2-42FE-96A1-CD8032E05B4F}.Debug|Any CPU.Build.0 = Debug|Any CPU
		{1ED9ED79-82F2-42FE-96A1-CD8032E05B4F}.Release|Any CPU.ActiveCfg = Release|Any CPU
		{1ED9ED79-82F2-42FE-96A1-CD8032E05B4F}.Release|Any CPU.Build.0 = Release|Any CPU
	EndGlobalSection
	GlobalSection(SolutionProperties) = preSolution
		HideSolutionNode = FALSE
	EndGlobalSection
	GlobalSection(NestedProjects) = preSolution
		{17461BC8-A9B9-49FB-9B23-139B331FAC15} = {F8E79433-6F72-44AB-B0D8-2C373EFDADCC}
		{05149A7F-C97C-4D6A-97FC-4326924AF8B4} = {A706F251-FB52-49B8-8C84-D10FCB327093}
		{EE520196-8126-4732-B872-6AAAE4C6C5C2} = {680160C5-F31F-4994-B44A-C0B4385FF3A2}
		{818BBE44-544F-48E6-9E96-B295B59A8326} = {90FA43D0-4CEB-4D2F-9C74-309A610FF09B}
		{0E0C5E31-F469-4A45-8851-E3203562BD38} = {BCCA7D7C-8476-46DE-9B85-03E2E3382186}
		{F8E79433-6F72-44AB-B0D8-2C373EFDADCC} = {BDC1DC57-5378-41AB-9FFB-3DDD21C7F3F2}
		{BCCA7D7C-8476-46DE-9B85-03E2E3382186} = {BDC1DC57-5378-41AB-9FFB-3DDD21C7F3F2}
		{A706F251-FB52-49B8-8C84-D10FCB327093} = {BDC1DC57-5378-41AB-9FFB-3DDD21C7F3F2}
		{3EA8BD58-69ED-449E-8243-513C01DCA3DA} = {BDC1DC57-5378-41AB-9FFB-3DDD21C7F3F2}
		{90FA43D0-4CEB-4D2F-9C74-309A610FF09B} = {BDC1DC57-5378-41AB-9FFB-3DDD21C7F3F2}
		{680160C5-F31F-4994-B44A-C0B4385FF3A2} = {3EA8BD58-69ED-449E-8243-513C01DCA3DA}
		{F7110AC1-903F-480A-AEF9-16DE2A2726A3} = {3EA8BD58-69ED-449E-8243-513C01DCA3DA}
		{1ED9ED79-82F2-42FE-96A1-CD8032E05B4F} = {F7110AC1-903F-480A-AEF9-16DE2A2726A3}
	EndGlobalSection
	GlobalSection(ExtensibilityGlobals) = postSolution
		SolutionGuid = {E1DE6D3E-BBC4-4FEB-8EE9-DF4374BE6998}
	EndGlobalSection
EndGlobal
